
Microsoft Visual Studio Solution File, Format Version 12.00
# Visual Studio Version 17
VisualStudioVersion = 17.3.32819.101
MinimumVisualStudioVersion = 10.0.40219.1
Project("{9A19103F-16F7-4668-BE54-9A1E7A4F7556}") = "TrabalhoVotacao", "TrabalhoVotacao\TrabalhoVotacao.csproj", "{3E838B4A-FC86-42AD-9C1F-A0B04F83C8F3}"
EndProject
Global
	GlobalSection(SolutionConfigurationPlatforms) = preSolution
		Debug|Any CPU = Debug|Any CPU
		Release|Any CPU = Release|Any CPU
	EndGlobalSection
	GlobalSection(ProjectConfigurationPlatforms) = postSolution
		{3E838B4A-FC86-42AD-9C1F-A0B04F83C8F3}.Debug|Any CPU.ActiveCfg = Debug|Any CPU
		{3E838B4A-FC86-42AD-9C1F-A0B04F83C8F3}.Debug|Any CPU.Build.0 = Debug|Any CPU
		{3E838B4A-FC86-42AD-9C1F-A0B04F83C8F3}.Release|Any CPU.ActiveCfg = Release|Any CPU
		{3E838B4A-FC86-42AD-9C1F-A0B04F83C8F3}.Release|Any CPU.Build.0 = Release|Any CPU
	EndGlobalSection
	GlobalSection(SolutionProperties) = preSolution
		HideSolutionNode = FALSE
	EndGlobalSection
	GlobalSection(ExtensibilityGlobals) = postSolution
		SolutionGuid = {4F9E75F3-A8E1-4BEC-9F93-1B5304ECAFA6}
	EndGlobalSection
EndGlobal
